
Microsoft Visual Studio Solution File, Format Version 12.00
# Visual Studio Version 16
VisualStudioVersion = 16.0.30204.135
MinimumVisualStudioVersion = 10.0.40219.1
Project("{FAE04EC0-301F-11D3-BF4B-00C04F79EFBC}") = "MPApp.tests", "MPApp.tests\MPApp.tests.csproj", "{F99BCF06-5ADF-47E3-A89B-648EEF442B30}"
EndProject
Project("{FAE04EC0-301F-11D3-BF4B-00C04F79EFBC}") = "MPApp.Core", "MPApp.Core\MPApp.Core.csproj", "{5B1FD90F-7AB3-4E76-85B2-85407C6FA4FC}"
EndProject
Project("{FAE04EC0-301F-11D3-BF4B-00C04F79EFBC}") = "MPApp.Console", "MPApp.Console\MPApp.Console.csproj", "{C844FD2B-CE36-4940-81A4-72A55AE32096}"
EndProject
Global
	GlobalSection(SolutionConfigurationPlatforms) = preSolution
		Debug|Any CPU = Debug|Any CPU
		Release|Any CPU = Release|Any CPU
	EndGlobalSection
	GlobalSection(ProjectConfigurationPlatforms) = postSolution
		{F99BCF06-5ADF-47E3-A89B-648EEF442B30}.Debug|Any CPU.ActiveCfg = Debug|Any CPU
		{F99BCF06-5ADF-47E3-A89B-648EEF442B30}.Debug|Any CPU.Build.0 = Debug|Any CPU
		{F99BCF06-5ADF-47E3-A89B-648EEF442B30}.Release|Any CPU.ActiveCfg = Release|Any CPU
		{F99BCF06-5ADF-47E3-A89B-648EEF442B30}.Release|Any CPU.Build.0 = Release|Any CPU
		{5B1FD90F-7AB3-4E76-85B2-85407C6FA4FC}.Debug|Any CPU.ActiveCfg = Debug|Any CPU
		{5B1FD90F-7AB3-4E76-85B2-85407C6FA4FC}.Debug|Any CPU.Build.0 = Debug|Any CPU
		{5B1FD90F-7AB3-4E76-85B2-85407C6FA4FC}.Release|Any CPU.ActiveCfg = Release|Any CPU
		{5B1FD90F-7AB3-4E76-85B2-85407C6FA4FC}.Release|Any CPU.Build.0 = Release|Any CPU
		{C844FD2B-CE36-4940-81A4-72A55AE32096}.Debug|Any CPU.ActiveCfg = Debug|Any CPU
		{C844FD2B-CE36-4940-81A4-72A55AE32096}.Debug|Any CPU.Build.0 = Debug|Any CPU
		{C844FD2B-CE36-4940-81A4-72A55AE32096}.Release|Any CPU.ActiveCfg = Release|Any CPU
		{C844FD2B-CE36-4940-81A4-72A55AE32096}.Release|Any CPU.Build.0 = Release|Any CPU
	EndGlobalSection
	GlobalSection(SolutionProperties) = preSolution
		HideSolutionNode = FALSE
	EndGlobalSection
	GlobalSection(ExtensibilityGlobals) = postSolution
		SolutionGuid = {D92AB429-3CEC-414A-BF18-D5B83A51013D}
	EndGlobalSection
EndGlobal
